
Microsoft Visual Studio Solution File, Format Version 12.00
# Visual Studio Version 16
VisualStudioVersion = 16.0.31105.61
MinimumVisualStudioVersion = 10.0.40219.1
Project("{9A19103F-16F7-4668-BE54-9A1E7A4F7556}") = "DownloaderApp", "DownloaderApp\DownloaderApp.csproj", "{29E0A1F3-7C37-4542-86A4-B7D05977B4A0}"
EndProject
Global
	GlobalSection(SolutionConfigurationPlatforms) = preSolution
		Debug|Any CPU = Debug|Any CPU
		Release|Any CPU = Release|Any CPU
	EndGlobalSection
	GlobalSection(ProjectConfigurationPlatforms) = postSolution
		{29E0A1F3-7C37-4542-86A4-B7D05977B4A0}.Debug|Any CPU.ActiveCfg = Debug|Any CPU
		{29E0A1F3-7C37-4542-86A4-B7D05977B4A0}.Debug|Any CPU.Build.0 = Debug|Any CPU
		{29E0A1F3-7C37-4542-86A4-B7D05977B4A0}.Release|Any CPU.ActiveCfg = Release|Any CPU
		{29E0A1F3-7C37-4542-86A4-B7D05977B4A0}.Release|Any CPU.Build.0 = Release|Any CPU
	EndGlobalSection
	GlobalSection(SolutionProperties) = preSolution
		HideSolutionNode = FALSE
	EndGlobalSection
	GlobalSection(ExtensibilityGlobals) = postSolution
		SolutionGuid = {478A159E-D55D-4D10-B61E-A8E6191D6B80}
	EndGlobalSection
EndGlobal
